
Microsoft Visual Studio Solution File, Format Version 12.00
# Visual Studio Version 17
VisualStudioVersion = 17.11.35327.3
MinimumVisualStudioVersion = 10.0.40219.1
Project("{FAE04EC0-301F-11D3-BF4B-00C04F79EFBC}") = "Inventory", "Inventory.csproj", "{6A674DD2-4A64-4FA0-8764-539171A7E4EC}"
EndProject
Project("{FAE04EC0-301F-11D3-BF4B-00C04F79EFBC}") = "Inventory_Entities", "..\Inventory_Entities\Inventory_Entities.csproj", "{7E2A747D-335C-42AF-8B99-C95EE77867B1}"
EndProject
Project("{FAE04EC0-301F-11D3-BF4B-00C04F79EFBC}") = "Inventory_database", "..\Inventory_database\Inventory_database.csproj", "{721365D0-412B-4EA6-849A-0DC0EEB4F195}"
EndProject
Project("{FAE04EC0-301F-11D3-BF4B-00C04F79EFBC}") = "Inventory_Repositories", "..\Inventory_Repositories\Inventory_Repositories.csproj", "{35D0721F-77CE-452D-AF7E-069A00002E37}"
EndProject
Project("{FAE04EC0-301F-11D3-BF4B-00C04F79EFBC}") = "Inventory_Unit", "..\Inventory_Unit\Inventory_Unit.csproj", "{FAF562D8-84E8-487D-9BCD-77BB0A0915DE}"
EndProject
Global
	GlobalSection(SolutionConfigurationPlatforms) = preSolution
		Debug|Any CPU = Debug|Any CPU
		Release|Any CPU = Release|Any CPU
	EndGlobalSection
	GlobalSection(ProjectConfigurationPlatforms) = postSolution
		{6A674DD2-4A64-4FA0-8764-539171A7E4EC}.Debug|Any CPU.ActiveCfg = Debug|Any CPU
		{6A674DD2-4A64-4FA0-8764-539171A7E4EC}.Debug|Any CPU.Build.0 = Debug|Any CPU
		{6A674DD2-4A64-4FA0-8764-539171A7E4EC}.Release|Any CPU.ActiveCfg = Release|Any CPU
		{6A674DD2-4A64-4FA0-8764-539171A7E4EC}.Release|Any CPU.Build.0 = Release|Any CPU
		{7E2A747D-335C-42AF-8B99-C95EE77867B1}.Debug|Any CPU.ActiveCfg = Debug|Any CPU
		{7E2A747D-335C-42AF-8B99-C95EE77867B1}.Debug|Any CPU.Build.0 = Debug|Any CPU
		{7E2A747D-335C-42AF-8B99-C95EE77867B1}.Release|Any CPU.ActiveCfg = Release|Any CPU
		{7E2A747D-335C-42AF-8B99-C95EE77867B1}.Release|Any CPU.Build.0 = Release|Any CPU
		{721365D0-412B-4EA6-849A-0DC0EEB4F195}.Debug|Any CPU.ActiveCfg = Debug|Any CPU
		{721365D0-412B-4EA6-849A-0DC0EEB4F195}.Debug|Any CPU.Build.0 = Debug|Any CPU
		{721365D0-412B-4EA6-849A-0DC0EEB4F195}.Release|Any CPU.ActiveCfg = Release|Any CPU
		{721365D0-412B-4EA6-849A-0DC0EEB4F195}.Release|Any CPU.Build.0 = Release|Any CPU
		{35D0721F-77CE-452D-AF7E-069A00002E37}.Debug|Any CPU.ActiveCfg = Debug|Any CPU
		{35D0721F-77CE-452D-AF7E-069A00002E37}.Debug|Any CPU.Build.0 = Debug|Any CPU
		{35D0721F-77CE-452D-AF7E-069A00002E37}.Release|Any CPU.ActiveCfg = Release|Any CPU
		{35D0721F-77CE-452D-AF7E-069A00002E37}.Release|Any CPU.Build.0 = Release|Any CPU
		{FAF562D8-84E8-487D-9BCD-77BB0A0915DE}.Debug|Any CPU.ActiveCfg = Debug|Any CPU
		{FAF562D8-84E8-487D-9BCD-77BB0A0915DE}.Debug|Any CPU.Build.0 = Debug|Any CPU
		{FAF562D8-84E8-487D-9BCD-77BB0A0915DE}.Release|Any CPU.ActiveCfg = Release|Any CPU
		{FAF562D8-84E8-487D-9BCD-77BB0A0915DE}.Release|Any CPU.Build.0 = Release|Any CPU
	EndGlobalSection
	GlobalSection(SolutionProperties) = preSolution
		HideSolutionNode = FALSE
	EndGlobalSection
	GlobalSection(ExtensibilityGlobals) = postSolution
		SolutionGuid = {F8167B11-0F0F-470D-8D21-8DCDCF1D21A2}
	EndGlobalSection
EndGlobal
